# This file is automatically @generated by Poetry 1.6.1 and should not be changed by hand.

[[package]]
name = "colorama"
version = "0.4.6"
description = "Cross-platform colored terminal text."
optional = false
python-versions = "!=3.0.*,!=3.1.*,!=3.2.*,!=3.3.*,!=3.4.*,!=3.5.*,!=3.6.*,>=2.7"
files = [
    {file = "colorama-0.4.6-py2.py3-none-any.whl", hash = "sha256:4f1d9991f5acc0ca119f9d443620b77f9d6b33703e51011c16baf57afb285fc6"},
    {file = "colorama-0.4.6.tar.gz", hash = "sha256:08695f5cb7ed6e0531a20572697297273c47b8cae5a63ffc6d6ed5c201be6e44"},
]

[[package]]
name = "iniconfig"
version = "2.0.0"
description = "brain-dead simple config-ini parsing"
optional = false
python-versions = ">=3.7"
files = [
    {file = "iniconfig-2.0.0-py3-none-any.whl", hash = "sha256:b6a85871a79d2e3b22d2d1b94ac2824226a63c6b741c88f7ae975f18b6778374"},
    {file = "iniconfig-2.0.0.tar.gz", hash = "sha256:2d91e135bf72d31a410b17c16da610a82cb55f6b0477d1a902134b24a455b8b3"},
]

[[package]]
name = "mido"
version = "1.3.2"
description = "MIDI Objects for Python"
optional = false
python-versions = "~=3.7"
files = [
    {file = "mido-1.3.2-py3-none-any.whl", hash = "sha256:9f5668d2eae78e43d54f4c651f8bf41a614eb23f98ce5179d3ddd984bf19eb58"},
    {file = "mido-1.3.2.tar.gz", hash = "sha256:3aea28b6ed730f737d5b12da3578debe9dc50058fa370fe9ceded9189b67c348"},
]

[package.dependencies]
packaging = ">=23.1,<24.0"

[package.extras]
build-docs = ["sphinx (>=4.3.2,<4.4.0)", "sphinx-rtd-theme (>=1.2.2,<1.3.0)"]
check-manifest = ["check-manifest (>=0.49)"]
dev = ["mido[build-docs]", "mido[check-manifest]", "mido[lint-code]", "mido[lint-reuse]", "mido[release]", "mido[test-code]"]
lint-code = ["ruff (>=0.1.6,<0.2.0)"]
lint-reuse = ["reuse (>=1.1.2,<1.2.0)"]
ports-all = ["mido[ports-pygame]", "mido[ports-rtmidi-python]", "mido[ports-rtmidi]"]
ports-pygame = ["PyGame (>=2.5,<3.0)"]
ports-rtmidi = ["python-rtmidi (>=1.5.4,<1.6.0)"]
ports-rtmidi-python = ["rtmidi-python (>=0.2.2,<0.3.0)"]
release = ["twine (>=4.0.2,<4.1.0)"]
test-code = ["pytest (>=7.4.0,<7.5.0)"]

[[package]]
name = "packaging"
version = "23.2"
description = "Core utilities for Python packages"
optional = false
python-versions = ">=3.7"
files = [
    {file = "packaging-23.2-py3-none-any.whl", hash = "sha256:8c491190033a9af7e1d931d0b5dacc2ef47509b34dd0de67ed209b5203fc88c7"},
    {file = "packaging-23.2.tar.gz", hash = "sha256:048fb0e9405036518eaaf48a55953c750c11e1a1b68e0dd1a9d62ed0c092cfc5"},
]

[[package]]
name = "pluggy"
version = "1.5.0"
description = "plugin and hook calling mechanisms for python"
optional = false
python-versions = ">=3.8"
files = [
    {file = "pluggy-1.5.0-py3-none-any.whl", hash = "sha256:44e1ad92c8ca002de6377e165f3e0f1be63266ab4d554740532335b9d75ea669"},
    {file = "pluggy-1.5.0.tar.gz", hash = "sha256:2cffa88e94fdc978c4c574f15f9e59b7f4201d439195c3715ca9e2486f1d0cf1"},
]

[package.extras]
dev = ["pre-commit", "tox"]
testing = ["pytest", "pytest-benchmark"]

[[package]]
name = "pytest"
version = "8.1.1"
description = "pytest: simple powerful testing with Python"
optional = false
python-versions = ">=3.8"
files = [
    {file = "pytest-8.1.1-py3-none-any.whl", hash = "sha256:2a8386cfc11fa9d2c50ee7b2a57e7d898ef90470a7a34c4b949ff59662bb78b7"},
    {file = "pytest-8.1.1.tar.gz", hash = "sha256:ac978141a75948948817d360297b7aae0fcb9d6ff6bc9ec6d514b85d5a65c044"},
]

[package.dependencies]
colorama = {version = "*", markers = "sys_platform == \"win32\""}
iniconfig = "*"
packaging = "*"
pluggy = ">=1.4,<2.0"

[package.extras]
testing = ["argcomplete", "attrs (>=19.2)", "hypothesis (>=3.56)", "mock", "pygments (>=2.7.2)", "requests", "setuptools", "xmlschema"]

[[package]]
name = "python-rtmidi"
version = "1.5.8"
description = "A Python binding for the RtMidi C++ library implemented using Cython."
optional = false
python-versions = ">=3.8"
files = [
    {file = "python_rtmidi-1.5.8-cp310-cp310-macosx_10_9_x86_64.whl", hash = "sha256:efc07413b30b0039c0d35abe25a81d740c7405124eb58eed141a8f24388e6fe0"},
    {file = "python_rtmidi-1.5.8-cp310-cp310-macosx_11_0_arm64.whl", hash = "sha256:844bd12840c9d4e03dfc89b2cd57c55dcbf5ed7246504d69c6c661732249b19c"},
    {file = "python_rtmidi-1.5.8-cp310-cp310-manylinux_2_28_aarch64.whl", hash = "sha256:8bbaf7c7164471712a93ac60c8f9ed146b336a294a5103223bbaf8f10709a0bf"},
    {file = "python_rtmidi-1.5.8-cp310-cp310-manylinux_2_28_x86_64.whl", hash = "sha256:878ce085dfb65c0974810a7e919f73708cbb4c0430c7924b78f25aea1dd4ebee"},
    {file = "python_rtmidi-1.5.8-cp310-cp310-win_amd64.whl", hash = "sha256:f2138005c6bd3d8b9af05df383679f6d0827d16056e68a941110732310dcb7dd"},
    {file = "python_rtmidi-1.5.8-cp311-cp311-macosx_10_9_x86_64.whl", hash = "sha256:30d117193dcad8af67c600c405f53eb096e4ff84849760be14c97270af334922"},
    {file = "python_rtmidi-1.5.8-cp311-cp311-macosx_11_0_arm64.whl", hash = "sha256:4e234dca7f9d783dd3f1e9c9c5c2f295f02b7af3085301d6eed3b428cf49d327"},
    {file = "python_rtmidi-1.5.8-cp311-cp311-manylinux_2_28_aarch64.whl", hash = "sha256:271d625c489fffb39b3edc5aba67f7c8e29a04a0a0f056ce19e5a888a08b4c59"},
    {file = "python_rtmidi-1.5.8-cp311-cp311-manylinux_2_28_x86_64.whl", hash = "sha256:46bbf32c8a4bf6c8f0df1c02a68689d0757f13cb7a69f27ccbbed3d7b2365918"},
    {file = "python_rtmidi-1.5.8-cp311-cp311-win_amd64.whl", hash = "sha256:cfea32c91752fa7aecfe3d6827535c190ba0e646a9accd6604f4fc70cf4b780f"},
    {file = "python_rtmidi-1.5.8-cp312-cp312-macosx_10_9_x86_64.whl", hash = "sha256:5443634597eb340cdec0734f76267a827c2d366f00a6f9195141c78828016ac2"},
    {file = "python_rtmidi-1.5.8-cp312-cp312-macosx_11_0_arm64.whl", hash = "sha256:29d9c9d9f82ce679fecad7bb4cb79f3a24574ea84600e377194b4cc1baacec0e"},
    {file = "python_rtmidi-1.5.8-cp312-cp312-manylinux_2_28_aarch64.whl", hash = "sha256:25f5a5db7be98911c41ca5bebb262fcf9a7c89600b88fd3c207ceafd3101e721"},
    {file = "python_rtmidi-1.5.8-cp312-cp312-manylinux_2_28_x86_64.whl", hash = "sha256:cec30924e305f55284594ccf35a71dee7216fd308dfa2dec1b3ed03e6f243803"},
    {file = "python_rtmidi-1.5.8-cp312-cp312-win_amd64.whl", hash = "sha256:052c89933cae4fca354012d8ca7248f4f9e1e3f062471409d48415a7f7d7e59e"},
    {file = "python_rtmidi-1.5.8-cp38-cp38-macosx_10_9_x86_64.whl", hash = "sha256:7bce7f17c71a71d8ef0bfeae3cb8a7652dd02f0d5067de882e1ee44eb38518db"},
    {file = "python_rtmidi-1.5.8-cp38-cp38-macosx_11_0_arm64.whl", hash = "sha256:1d5da765184150fb946043d59be4039b36a8060ede025f109ef20492dbf99075"},
    {file = "python_rtmidi-1.5.8-cp38-cp38-manylinux_2_28_aarch64.whl", hash = "sha256:a5582983ad57ea7f0a7797ddc3e258efb00f8326113b6ddfa85b5165a4151806"},
    {file = "python_rtmidi-1.5.8-cp38-cp38-manylinux_2_28_x86_64.whl", hash = "sha256:c60dd180e5130fb87571e71aea30e2ef0512131aab45865a7d67063ed8e52ca4"},
    {file = "python_rtmidi-1.5.8-cp38-cp38-win_amd64.whl", hash = "sha256:26149186367341bf5b0a3ac17b495f6a25950bd3da6b4f13d25ac0a9ce8208dd"},
    {file = "python_rtmidi-1.5.8-cp39-cp39-macosx_10_9_x86_64.whl", hash = "sha256:82e61bc1b51aa91d9e615827056e80f78dbe364248eecd61698b233f7af903f6"},
    {file = "python_rtmidi-1.5.8-cp39-cp39-macosx_11_0_arm64.whl", hash = "sha256:a706e9850e22acc57fa840c60fdc4541baafe462a05ff7631a6d9eb91c65e171"},
    {file = "python_rtmidi-1.5.8-cp39-cp39-manylinux_2_28_aarch64.whl", hash = "sha256:5966172ed28add6ff2b76d389702931bfc7ff3cc741c0e4b0d1aaae269ab7a8e"},
    {file = "python_rtmidi-1.5.8-cp39-cp39-manylinux_2_28_x86_64.whl", hash = "sha256:29661939f9b7bd1a4e29835f50f4790e741dacd21a5cb143297aefb51deefdec"},
    {file = "python_rtmidi-1.5.8-cp39-cp39-win_amd64.whl", hash = "sha256:dd2bcbea822488fca6b8d9fc7e78a91da12914f3b88dc086f051cb65a643449f"},
    {file = "python_rtmidi-1.5.8.tar.gz", hash = "sha256:7f9ade68b068ae09000ecb562ae9521da3a234361ad5449e83fc734544d004fa"},
]

[[package]]
name = "ruff"
version = "0.4.1"
description = "An extremely fast Python linter and code formatter, written in Rust."
optional = false
python-versions = ">=3.7"
files = [
    {file = "ruff-0.4.1-py3-none-macosx_10_12_x86_64.macosx_11_0_arm64.macosx_10_12_universal2.whl", hash = "sha256:2d9ef6231e3fbdc0b8c72404a1a0c46fd0dcea84efca83beb4681c318ea6a953"},
    {file = "ruff-0.4.1-py3-none-macosx_10_12_x86_64.whl", hash = "sha256:9485f54a7189e6f7433e0058cf8581bee45c31a25cd69009d2a040d1bd4bfaef"},
    {file = "ruff-0.4.1-py3-none-manylinux_2_17_aarch64.manylinux2014_aarch64.whl", hash = "sha256:d2921ac03ce1383e360e8a95442ffb0d757a6a7ddd9a5be68561a671e0e5807e"},
    {file = "ruff-0.4.1-py3-none-manylinux_2_17_armv7l.manylinux2014_armv7l.whl", hash = "sha256:eec8d185fe193ad053eda3a6be23069e0c8ba8c5d20bc5ace6e3b9e37d246d3f"},
    {file = "ruff-0.4.1-py3-none-manylinux_2_17_i686.manylinux2014_i686.whl", hash = "sha256:baa27d9d72a94574d250f42b7640b3bd2edc4c58ac8ac2778a8c82374bb27984"},
    {file = "ruff-0.4.1-py3-none-manylinux_2_17_ppc64.manylinux2014_ppc64.whl", hash = "sha256:f1ee41580bff1a651339eb3337c20c12f4037f6110a36ae4a2d864c52e5ef954"},
    {file = "ruff-0.4.1-py3-none-manylinux_2_17_ppc64le.manylinux2014_ppc64le.whl", hash = "sha256:0926cefb57fc5fced629603fbd1a23d458b25418681d96823992ba975f050c2b"},
    {file = "ruff-0.4.1-py3-none-manylinux_2_17_s390x.manylinux2014_s390x.whl", hash = "sha256:2c6e37f2e3cd74496a74af9a4fa67b547ab3ca137688c484749189bf3a686ceb"},
    {file = "ruff-0.4.1-py3-none-manylinux_2_17_x86_64.manylinux2014_x86_64.whl", hash = "sha256:efd703a5975ac1998c2cc5e9494e13b28f31e66c616b0a76e206de2562e0843c"},
    {file = "ruff-0.4.1-py3-none-musllinux_1_2_aarch64.whl", hash = "sha256:b92f03b4aa9fa23e1799b40f15f8b95cdc418782a567d6c43def65e1bbb7f1cf"},
    {file = "ruff-0.4.1-py3-none-musllinux_1_2_armv7l.whl", hash = "sha256:1c859f294f8633889e7d77de228b203eb0e9a03071b72b5989d89a0cf98ee262"},
    {file = "ruff-0.4.1-py3-none-musllinux_1_2_i686.whl", hash = "sha256:b34510141e393519a47f2d7b8216fec747ea1f2c81e85f076e9f2910588d4b64"},
    {file = "ruff-0.4.1-py3-none-musllinux_1_2_x86_64.whl", hash = "sha256:6e68d248ed688b9d69fd4d18737edcbb79c98b251bba5a2b031ce2470224bdf9"},
    {file = "ruff-0.4.1-py3-none-win32.whl", hash = "sha256:b90506f3d6d1f41f43f9b7b5ff845aeefabed6d2494307bc7b178360a8805252"},
    {file = "ruff-0.4.1-py3-none-win_amd64.whl", hash = "sha256:c7d391e5936af5c9e252743d767c564670dc3889aff460d35c518ee76e4b26d7"},
    {file = "ruff-0.4.1-py3-none-win_arm64.whl", hash = "sha256:a1eaf03d87e6a7cd5e661d36d8c6e874693cb9bc3049d110bc9a97b350680c43"},
    {file = "ruff-0.4.1.tar.gz", hash = "sha256:d592116cdbb65f8b1b7e2a2b48297eb865f6bdc20641879aa9d7b9c11d86db79"},
]

[metadata]
lock-version = "2.0"
python-versions = "^3.11"
content-hash = "0cfc6eccdaf2daf4fc55b088be738f33494ff8f26c5e6c2bb3f14bd3a2876b4a"
